
Microsoft Visual Studio Solution File, Format Version 12.00
# Visual Studio Version 17
VisualStudioVersion = 17.5.002.0
MinimumVisualStudioVersion = 10.0.40219.1
Project("{2150E333-8FDC-42A3-9474-1A3956D46DE8}") = "csharp-prep", "csharp-prep", "{C8210DA3-DB22-4609-B5ED-CFD91FFDC8F5}"
EndProject
Project("{9A19103F-16F7-4668-BE54-9A1E7A4F7556}") = "Prep1", "csharp-prep\Prep1\Prep1.csproj", "{DDEBE247-1F5B-4B8C-8170-19B3EFF03EB4}"
EndProject
Project("{9A19103F-16F7-4668-BE54-9A1E7A4F7556}") = "Prep2", "csharp-prep\Prep2\Prep2.csproj", "{5DB373B9-AD49-4FC5-867D-D59F4AAE4F12}"
EndProject
Project("{9A19103F-16F7-4668-BE54-9A1E7A4F7556}") = "Prep3", "csharp-prep\Prep3\Prep3.csproj", "{2E795B00-7834-47E2-A5A6-B4B605400429}"
EndProject
Project("{9A19103F-16F7-4668-BE54-9A1E7A4F7556}") = "Prep4", "csharp-prep\Prep4\Prep4.csproj", "{93C3211C-B2FC-4B74-97D4-A76B6CE15780}"
EndProject
Project("{9A19103F-16F7-4668-BE54-9A1E7A4F7556}") = "Prep5", "csharp-prep\Prep5\Prep5.csproj", "{D7DF684D-9FE0-4667-A3C1-BE9B8F58B62F}"
EndProject
Project("{2150E333-8FDC-42A3-9474-1A3956D46DE8}") = "final", "final", "{E5420A78-0208-4A6C-B13D-442034B91CA8}"
EndProject
Project("{9A19103F-16F7-4668-BE54-9A1E7A4F7556}") = "FinalProject", "final\FinalProject\FinalProject.csproj", "{6EB474FE-84D9-4C6C-BE8E-15AF5EC05A95}"
EndProject
Project("{9A19103F-16F7-4668-BE54-9A1E7A4F7556}") = "Foundation1", "final\Foundation1\Foundation1.csproj", "{FD51B439-79FB-4BF4-9585-3F426FA473AC}"
EndProject
Project("{9A19103F-16F7-4668-BE54-9A1E7A4F7556}") = "Foundation2", "final\Foundation2\Foundation2.csproj", "{9E2C8E52-0209-4D3D-8C0F-3952AB919D04}"
EndProject
Project("{9A19103F-16F7-4668-BE54-9A1E7A4F7556}") = "Foundation3", "final\Foundation3\Foundation3.csproj", "{C7214F2A-4E8F-47B9-A049-1F5F36E0E3A9}"
EndProject
Project("{9A19103F-16F7-4668-BE54-9A1E7A4F7556}") = "Foundation4", "final\Foundation4\Foundation4.csproj", "{2D828EF6-9824-40B6-9A13-B18C4EFBFB84}"
EndProject
Project("{2150E333-8FDC-42A3-9474-1A3956D46DE8}") = "prepare", "prepare", "{651CDB8A-F1F4-4FA9-ADF8-6CA51C94756B}"
EndProject
Project("{9A19103F-16F7-4668-BE54-9A1E7A4F7556}") = "Learning02", "prepare\Learning02\Learning02.csproj", "{F59AA228-4220-4D97-89E5-8F6DED6C094E}"
EndProject
Project("{9A19103F-16F7-4668-BE54-9A1E7A4F7556}") = "Learning03", "prepare\Learning03\Learning03.csproj", "{0E45AA9B-5F8A-402C-A01A-8F4A0384F85F}"
EndProject
Project("{9A19103F-16F7-4668-BE54-9A1E7A4F7556}") = "Learning04", "prepare\Learning04\Learning04.csproj", "{427C0C04-7C22-47D6-9F72-DA1369F26818}"
EndProject
Project("{9A19103F-16F7-4668-BE54-9A1E7A4F7556}") = "Learning05", "prepare\Learning05\Learning05.csproj", "{DE6E4A34-EB67-4CE5-9418-F891BC8B976F}"
EndProject
Project("{2150E333-8FDC-42A3-9474-1A3956D46DE8}") = "prove", "prove", "{D246CCBF-9422-496A-9C32-9F3C1443536F}"
EndProject
Project("{9A19103F-16F7-4668-BE54-9A1E7A4F7556}") = "Develop02", "prove\Develop02\Develop02.csproj", "{A07C02E8-DE49-43C2-994E-8A67A932C01A}"
EndProject
Project("{9A19103F-16F7-4668-BE54-9A1E7A4F7556}") = "Develop03", "prove\Develop03\Develop03.csproj", "{95729359-D0BA-4167-BEFD-9C664BD4AC9D}"
EndProject
Project("{9A19103F-16F7-4668-BE54-9A1E7A4F7556}") = "Develop04", "prove\Develop04\Develop04.csproj", "{66507C49-1FA6-4EF7-93D1-0C98A01A8F33}"
EndProject
Project("{9A19103F-16F7-4668-BE54-9A1E7A4F7556}") = "Develop05", "prove\Develop05\Develop05.csproj", "{66EAE283-61F5-474B-A157-18E7812069A2}"
EndProject
Project("{2150E333-8FDC-42A3-9474-1A3956D46DE8}") = "sandbox", "sandbox", "{A8EFE055-1F93-4083-966C-1FF6AE8A4D18}"
EndProject
Project("{9A19103F-16F7-4668-BE54-9A1E7A4F7556}") = "Sandbox", "sandbox\Sandbox\Sandbox.csproj", "{E64A3780-33C5-426A-91B2-2D9BCD2A62CE}"
EndProject
Global
	GlobalSection(SolutionConfigurationPlatforms) = preSolution
		Debug|Any CPU = Debug|Any CPU
		Release|Any CPU = Release|Any CPU
	EndGlobalSection
	GlobalSection(ProjectConfigurationPlatforms) = postSolution
		{DDEBE247-1F5B-4B8C-8170-19B3EFF03EB4}.Debug|Any CPU.ActiveCfg = Debug|Any CPU
		{DDEBE247-1F5B-4B8C-8170-19B3EFF03EB4}.Debug|Any CPU.Build.0 = Debug|Any CPU
		{DDEBE247-1F5B-4B8C-8170-19B3EFF03EB4}.Release|Any CPU.ActiveCfg = Release|Any CPU
		{DDEBE247-1F5B-4B8C-8170-19B3EFF03EB4}.Release|Any CPU.Build.0 = Release|Any CPU
		{5DB373B9-AD49-4FC5-867D-D59F4AAE4F12}.Debug|Any CPU.ActiveCfg = Debug|Any CPU
		{5DB373B9-AD49-4FC5-867D-D59F4AAE4F12}.Debug|Any CPU.Build.0 = Debug|Any CPU
		{5DB373B9-AD49-4FC5-867D-D59F4AAE4F12}.Release|Any CPU.ActiveCfg = Release|Any CPU
		{5DB373B9-AD49-4FC5-867D-D59F4AAE4F12}.Release|Any CPU.Build.0 = Release|Any CPU
		{2E795B00-7834-47E2-A5A6-B4B605400429}.Debug|Any CPU.ActiveCfg = Debug|Any CPU
		{2E795B00-7834-47E2-A5A6-B4B605400429}.Debug|Any CPU.Build.0 = Debug|Any CPU
		{2E795B00-7834-47E2-A5A6-B4B605400429}.Release|Any CPU.ActiveCfg = Release|Any CPU
		{2E795B00-7834-47E2-A5A6-B4B605400429}.Release|Any CPU.Build.0 = Release|Any CPU
		{93C3211C-B2FC-4B74-97D4-A76B6CE15780}.Debug|Any CPU.ActiveCfg = Debug|Any CPU
		{93C3211C-B2FC-4B74-97D4-A76B6CE15780}.Debug|Any CPU.Build.0 = Debug|Any CPU
		{93C3211C-B2FC-4B74-97D4-A76B6CE15780}.Release|Any CPU.ActiveCfg = Release|Any CPU
		{93C3211C-B2FC-4B74-97D4-A76B6CE15780}.Release|Any CPU.Build.0 = Release|Any CPU
		{D7DF684D-9FE0-4667-A3C1-BE9B8F58B62F}.Debug|Any CPU.ActiveCfg = Debug|Any CPU
		{D7DF684D-9FE0-4667-A3C1-BE9B8F58B62F}.Debug|Any CPU.Build.0 = Debug|Any CPU
		{D7DF684D-9FE0-4667-A3C1-BE9B8F58B62F}.Release|Any CPU.ActiveCfg = Release|Any CPU
		{D7DF684D-9FE0-4667-A3C1-BE9B8F58B62F}.Release|Any CPU.Build.0 = Release|Any CPU
		{6EB474FE-84D9-4C6C-BE8E-15AF5EC05A95}.Debug|Any CPU.ActiveCfg = Debug|Any CPU
		{6EB474FE-84D9-4C6C-BE8E-15AF5EC05A95}.Debug|Any CPU.Build.0 = Debug|Any CPU
		{6EB474FE-84D9-4C6C-BE8E-15AF5EC05A95}.Release|Any CPU.ActiveCfg = Release|Any CPU
		{6EB474FE-84D9-4C6C-BE8E-15AF5EC05A95}.Release|Any CPU.Build.0 = Release|Any CPU
		{FD51B439-79FB-4BF4-9585-3F426FA473AC}.Debug|Any CPU.ActiveCfg = Debug|Any CPU
		{FD51B439-79FB-4BF4-9585-3F426FA473AC}.Debug|Any CPU.Build.0 = Debug|Any CPU
		{FD51B439-79FB-4BF4-9585-3F426FA473AC}.Release|Any CPU.ActiveCfg = Release|Any CPU
		{FD51B439-79FB-4BF4-9585-3F426FA473AC}.Release|Any CPU.Build.0 = Release|Any CPU
		{9E2C8E52-0209-4D3D-8C0F-3952AB919D04}.Debug|Any CPU.ActiveCfg = Debug|Any CPU
		{9E2C8E52-0209-4D3D-8C0F-3952AB919D04}.Debug|Any CPU.Build.0 = Debug|Any CPU
		{9E2C8E52-0209-4D3D-8C0F-3952AB919D04}.Release|Any CPU.ActiveCfg = Release|Any CPU
		{9E2C8E52-0209-4D3D-8C0F-3952AB919D04}.Release|Any CPU.Build.0 = Release|Any CPU
		{C7214F2A-4E8F-47B9-A049-1F5F36E0E3A9}.Debug|Any CPU.ActiveCfg = Debug|Any CPU
		{C7214F2A-4E8F-47B9-A049-1F5F36E0E3A9}.Debug|Any CPU.Build.0 = Debug|Any CPU
		{C7214F2A-4E8F-47B9-A049-1F5F36E0E3A9}.Release|Any CPU.ActiveCfg = Release|Any CPU
		{C7214F2A-4E8F-47B9-A049-1F5F36E0E3A9}.Release|Any CPU.Build.0 = Release|Any CPU
		{2D828EF6-9824-40B6-9A13-B18C4EFBFB84}.Debug|Any CPU.ActiveCfg = Debug|Any CPU
		{2D828EF6-9824-40B6-9A13-B18C4EFBFB84}.Debug|Any CPU.Build.0 = Debug|Any CPU
		{2D828EF6-9824-40B6-9A13-B18C4EFBFB84}.Release|Any CPU.ActiveCfg = Release|Any CPU
		{2D828EF6-9824-40B6-9A13-B18C4EFBFB84}.Release|Any CPU.Build.0 = Release|Any CPU
		{F59AA228-4220-4D97-89E5-8F6DED6C094E}.Debug|Any CPU.ActiveCfg = Debug|Any CPU
		{F59AA228-4220-4D97-89E5-8F6DED6C094E}.Debug|Any CPU.Build.0 = Debug|Any CPU
		{F59AA228-4220-4D97-89E5-8F6DED6C094E}.Release|Any CPU.ActiveCfg = Release|Any CPU
		{F59AA228-4220-4D97-89E5-8F6DED6C094E}.Release|Any CPU.Build.0 = Release|Any CPU
		{0E45AA9B-5F8A-402C-A01A-8F4A0384F85F}.Debug|Any CPU.ActiveCfg = Debug|Any CPU
		{0E45AA9B-5F8A-402C-A01A-8F4A0384F85F}.Debug|Any CPU.Build.0 = Debug|Any CPU
		{0E45AA9B-5F8A-402C-A01A-8F4A0384F85F}.Release|Any CPU.ActiveCfg = Release|Any CPU
		{0E45AA9B-5F8A-402C-A01A-8F4A0384F85F}.Release|Any CPU.Build.0 = Release|Any CPU
		{427C0C04-7C22-47D6-9F72-DA1369F26818}.Debug|Any CPU.ActiveCfg = Debug|Any CPU
		{427C0C04-7C22-47D6-9F72-DA1369F26818}.Debug|Any CPU.Build.0 = Debug|Any CPU
		{427C0C04-7C22-47D6-9F72-DA1369F26818}.Release|Any CPU.ActiveCfg = Release|Any CPU
		{427C0C04-7C22-47D6-9F72-DA1369F26818}.Release|Any CPU.Build.0 = Release|Any CPU
		{DE6E4A34-EB67-4CE5-9418-F891BC8B976F}.Debug|Any CPU.ActiveCfg = Debug|Any CPU
		{DE6E4A34-EB67-4CE5-9418-F891BC8B976F}.Debug|Any CPU.Build.0 = Debug|Any CPU
		{DE6E4A34-EB67-4CE5-9418-F891BC8B976F}.Release|Any CPU.ActiveCfg = Release|Any CPU
		{DE6E4A34-EB67-4CE5-9418-F891BC8B976F}.Release|Any CPU.Build.0 = Release|Any CPU
		{A07C02E8-DE49-43C2-994E-8A67A932C01A}.Debug|Any CPU.ActiveCfg = Debug|Any CPU
		{A07C02E8-DE49-43C2-994E-8A67A932C01A}.Debug|Any CPU.Build.0 = Debug|Any CPU
		{A07C02E8-DE49-43C2-994E-8A67A932C01A}.Release|Any CPU.ActiveCfg = Release|Any CPU
		{A07C02E8-DE49-43C2-994E-8A67A932C01A}.Release|Any CPU.Build.0 = Release|Any CPU
		{95729359-D0BA-4167-BEFD-9C664BD4AC9D}.Debug|Any CPU.ActiveCfg = Debug|Any CPU
		{95729359-D0BA-4167-BEFD-9C664BD4AC9D}.Debug|Any CPU.Build.0 = Debug|Any CPU
		{95729359-D0BA-4167-BEFD-9C664BD4AC9D}.Release|Any CPU.ActiveCfg = Release|Any CPU
		{95729359-D0BA-4167-BEFD-9C664BD4AC9D}.Release|Any CPU.Build.0 = Release|Any CPU
		{66507C49-1FA6-4EF7-93D1-0C98A01A8F33}.Debug|Any CPU.ActiveCfg = Debug|Any CPU
		{66507C49-1FA6-4EF7-93D1-0C98A01A8F33}.Debug|Any CPU.Build.0 = Debug|Any CPU
		{66507C49-1FA6-4EF7-93D1-0C98A01A8F33}.Release|Any CPU.ActiveCfg = Release|Any CPU
		{66507C49-1FA6-4EF7-93D1-0C98A01A8F33}.Release|Any CPU.Build.0 = Release|Any CPU
		{66EAE283-61F5-474B-A157-18E7812069A2}.Debug|Any CPU.ActiveCfg = Debug|Any CPU
		{66EAE283-61F5-474B-A157-18E7812069A2}.Debug|Any CPU.Build.0 = Debug|Any CPU
		{66EAE283-61F5-474B-A157-18E7812069A2}.Release|Any CPU.ActiveCfg = Release|Any CPU
		{66EAE283-61F5-474B-A157-18E7812069A2}.Release|Any CPU.Build.0 = Release|Any CPU
		{E64A3780-33C5-426A-91B2-2D9BCD2A62CE}.Debug|Any CPU.ActiveCfg = Debug|Any CPU
		{E64A3780-33C5-426A-91B2-2D9BCD2A62CE}.Debug|Any CPU.Build.0 = Debug|Any CPU
		{E64A3780-33C5-426A-91B2-2D9BCD2A62CE}.Release|Any CPU.ActiveCfg = Release|Any CPU
		{E64A3780-33C5-426A-91B2-2D9BCD2A62CE}.Release|Any CPU.Build.0 = Release|Any CPU
	EndGlobalSection
	GlobalSection(SolutionProperties) = preSolution
		HideSolutionNode = FALSE
	EndGlobalSection
	GlobalSection(NestedProjects) = preSolution
		{DDEBE247-1F5B-4B8C-8170-19B3EFF03EB4} = {C8210DA3-DB22-4609-B5ED-CFD91FFDC8F5}
		{5DB373B9-AD49-4FC5-867D-D59F4AAE4F12} = {C8210DA3-DB22-4609-B5ED-CFD91FFDC8F5}
		{2E795B00-7834-47E2-A5A6-B4B605400429} = {C8210DA3-DB22-4609-B5ED-CFD91FFDC8F5}
		{93C3211C-B2FC-4B74-97D4-A76B6CE15780} = {C8210DA3-DB22-4609-B5ED-CFD91FFDC8F5}
		{D7DF684D-9FE0-4667-A3C1-BE9B8F58B62F} = {C8210DA3-DB22-4609-B5ED-CFD91FFDC8F5}
		{6EB474FE-84D9-4C6C-BE8E-15AF5EC05A95} = {E5420A78-0208-4A6C-B13D-442034B91CA8}
		{FD51B439-79FB-4BF4-9585-3F426FA473AC} = {E5420A78-0208-4A6C-B13D-442034B91CA8}
		{9E2C8E52-0209-4D3D-8C0F-3952AB919D04} = {E5420A78-0208-4A6C-B13D-442034B91CA8}
		{C7214F2A-4E8F-47B9-A049-1F5F36E0E3A9} = {E5420A78-0208-4A6C-B13D-442034B91CA8}
		{2D828EF6-9824-40B6-9A13-B18C4EFBFB84} = {E5420A78-0208-4A6C-B13D-442034B91CA8}
		{F59AA228-4220-4D97-89E5-8F6DED6C094E} = {651CDB8A-F1F4-4FA9-ADF8-6CA51C94756B}
		{0E45AA9B-5F8A-402C-A01A-8F4A0384F85F} = {651CDB8A-F1F4-4FA9-ADF8-6CA51C94756B}
		{427C0C04-7C22-47D6-9F72-DA1369F26818} = {651CDB8A-F1F4-4FA9-ADF8-6CA51C94756B}
		{DE6E4A34-EB67-4CE5-9418-F891BC8B976F} = {651CDB8A-F1F4-4FA9-ADF8-6CA51C94756B}
		{A07C02E8-DE49-43C2-994E-8A67A932C01A} = {D246CCBF-9422-496A-9C32-9F3C1443536F}
		{95729359-D0BA-4167-BEFD-9C664BD4AC9D} = {D246CCBF-9422-496A-9C32-9F3C1443536F}
		{66507C49-1FA6-4EF7-93D1-0C98A01A8F33} = {D246CCBF-9422-496A-9C32-9F3C1443536F}
		{66EAE283-61F5-474B-A157-18E7812069A2} = {D246CCBF-9422-496A-9C32-9F3C1443536F}
		{E64A3780-33C5-426A-91B2-2D9BCD2A62CE} = {A8EFE055-1F93-4083-966C-1FF6AE8A4D18}
	EndGlobalSection
	GlobalSection(ExtensibilityGlobals) = postSolution
		SolutionGuid = {E5EF7D43-C543-4998-9442-C787801D4306}
	EndGlobalSection
EndGlobal
